
Microsoft Visual Studio Solution File, Format Version 12.00
# Visual Studio Version 17
VisualStudioVersion = 17.13.35828.75
MinimumVisualStudioVersion = 10.0.40219.1
Project("{2150E333-8FDC-42A3-9474-1A3956D46DE8}") = "src", "src", "{02EA681E-C7D8-13C7-8484-4AC65E1B71E8}"
EndProject
Project("{2150E333-8FDC-42A3-9474-1A3956D46DE8}") = "Users", "Users", "{9A3EFEC0-3F77-4371-8240-2C182CDC5C3E}"
EndProject
Project("{2150E333-8FDC-42A3-9474-1A3956D46DE8}") = "Core", "Core", "{8858F501-3745-40B4-B14B-4999ACCA7362}"
EndProject
Project("{FAE04EC0-301F-11D3-BF4B-00C04F79EFBC}") = "Domain", "src\Users\Core\Domain\Domain.csproj", "{25F482C7-150B-451A-AB12-125D6DD95ED6}"
EndProject
Project("{FAE04EC0-301F-11D3-BF4B-00C04F79EFBC}") = "Application", "src\Users\Core\Application\Application.csproj", "{584580D5-915C-45BE-8063-50B2758C3CBB}"
EndProject
Project("{2150E333-8FDC-42A3-9474-1A3956D46DE8}") = "Infrastructer", "Infrastructer", "{7EA624F6-D137-43BF-9CBF-523D31799C7C}"
EndProject
Project("{2150E333-8FDC-42A3-9474-1A3956D46DE8}") = "Persistence", "Persistence", "{2A67FA1F-DCF2-4ABA-8207-C4B253252811}"
EndProject
Project("{FAE04EC0-301F-11D3-BF4B-00C04F79EFBC}") = "Persistence", "src\Users\Infrastructer\Persistence\Persistence\Persistence.csproj", "{7248D877-D427-4F0C-984E-6E68E09118C0}"
EndProject
Project("{2150E333-8FDC-42A3-9474-1A3956D46DE8}") = "Presentation", "Presentation", "{497879C2-1601-4530-A81D-7DBE5C51967F}"
EndProject
Project("{FAE04EC0-301F-11D3-BF4B-00C04F79EFBC}") = "WebApi", "src\Users\Presentation\WebApi\WebApi.csproj", "{69810FB5-F4A9-4F89-83C1-0F3A75AFBAF5}"
EndProject
Project("{2150E333-8FDC-42A3-9474-1A3956D46DE8}") = "Shared", "Shared", "{D0B7E14B-21A6-47F4-94F8-B7C46407B5AE}"
EndProject
Project("{FAE04EC0-301F-11D3-BF4B-00C04F79EFBC}") = "Core", "src\Shared\Core\Core.csproj", "{529BF53D-F0E9-45EA-AB31-4D751DE87D9E}"
EndProject
Project("{2150E333-8FDC-42A3-9474-1A3956D46DE8}") = "Tenants", "Tenants", "{E4C06C01-2062-4C1A-B00E-8FDE57C31379}"
EndProject
Project("{2150E333-8FDC-42A3-9474-1A3956D46DE8}") = "Core", "Core", "{63E91A37-B40E-4340-893B-3639FCBED2F3}"
EndProject
Project("{2150E333-8FDC-42A3-9474-1A3956D46DE8}") = "Infrastructer", "Infrastructer", "{40FDD24B-07AD-4B96-807C-0B6D7EDB22C9}"
EndProject
Project("{2150E333-8FDC-42A3-9474-1A3956D46DE8}") = "Presentation", "Presentation", "{30301EF9-6A5D-4AA1-B528-A584F620D0A0}"
EndProject
Project("{2150E333-8FDC-42A3-9474-1A3956D46DE8}") = "Persistence", "Persistence", "{2B8AE21D-0B4B-42DC-AEA2-99C74DBCE34B}"
EndProject
Project("{FAE04EC0-301F-11D3-BF4B-00C04F79EFBC}") = "Domain", "src\Tenants\Core\Domain\Domain.csproj", "{4E947DDB-E59D-47F2-AEBC-749514106B2A}"
EndProject
Project("{FAE04EC0-301F-11D3-BF4B-00C04F79EFBC}") = "Application", "src\Tenants\Core\Application\Application.csproj", "{96C05487-779B-4F44-8C7F-41C527BE396D}"
EndProject
Project("{FAE04EC0-301F-11D3-BF4B-00C04F79EFBC}") = "Persistence", "src\Tenants\Infrastructer\Persistence\Persistence\Persistence.csproj", "{4A9D5479-ADBD-456E-B8BD-2B1519C439C6}"
EndProject
Project("{FAE04EC0-301F-11D3-BF4B-00C04F79EFBC}") = "WebApi", "src\Tenants\Presentation\WebApi\WebApi.csproj", "{C09F428D-32E9-4CF0-B053-2EB0DC5527B2}"
EndProject
Project("{2150E333-8FDC-42A3-9474-1A3956D46DE8}") = "Tests", "Tests", "{C6FF1C93-CC22-4D7F-A6FB-585984E69C08}"
EndProject
Project("{2150E333-8FDC-42A3-9474-1A3956D46DE8}") = "Tenants", "Tenants", "{9FBDE19D-B973-467D-944C-F6065CD7C103}"
EndProject
Project("{2150E333-8FDC-42A3-9474-1A3956D46DE8}") = "Users", "Users", "{433FC4CA-25AC-40DC-8394-6D3A348452E2}"
EndProject
Project("{FAE04EC0-301F-11D3-BF4B-00C04F79EFBC}") = "Users.Tests", "src\Tests\Users\Users.Tests\Users.Tests.csproj", "{7CF683F0-A543-4161-9898-14C3BA2A8A4D}"
EndProject
Project("{FAE04EC0-301F-11D3-BF4B-00C04F79EFBC}") = "Tenants.Tests", "src\Tests\Tenants\Tenants.Tests\Tenants.Tests.csproj", "{1E9AD95F-42E7-4876-9A26-C8C1A57E3D6D}"
EndProject
Project("{2150E333-8FDC-42A3-9474-1A3956D46DE8}") = "ProvisioningService", "ProvisioningService", "{97DF4EC4-B05D-48A1-B907-CE7478F3DD30}"
EndProject
Project("{FAE04EC0-301F-11D3-BF4B-00C04F79EFBC}") = "ProvisioningService", "src\ProvisioningService\ProvisioningService\ProvisioningService.csproj", "{7CF8FB54-F90A-446B-94DD-EEEE8E006AF1}"
EndProject
Project("{2150E333-8FDC-42A3-9474-1A3956D46DE8}") = "StarGateways", "StarGateways", "{2AA04658-E103-47E7-B143-71D9F35D1E50}"
EndProject
Project("{FAE04EC0-301F-11D3-BF4B-00C04F79EFBC}") = "StarGateways", "src\StarGateways\StarGateways\StarGateways.csproj", "{6071DD43-3845-4F32-9E44-0BC3AB26FE93}"
EndProject
Project("{FAE04EC0-301F-11D3-BF4B-00C04F79EFBC}") = "UserGGRPC", "src\Users\Presentation\UserGGRPC\UserGGRPC.csproj", "{38745AC3-36F6-4058-BC38-7B2FDED70323}"
EndProject
Global
	GlobalSection(SolutionConfigurationPlatforms) = preSolution
		Debug|Any CPU = Debug|Any CPU
		Release|Any CPU = Release|Any CPU
	EndGlobalSection
	GlobalSection(ProjectConfigurationPlatforms) = postSolution
		{25F482C7-150B-451A-AB12-125D6DD95ED6}.Debug|Any CPU.ActiveCfg = Debug|Any CPU
		{25F482C7-150B-451A-AB12-125D6DD95ED6}.Debug|Any CPU.Build.0 = Debug|Any CPU
		{25F482C7-150B-451A-AB12-125D6DD95ED6}.Release|Any CPU.ActiveCfg = Release|Any CPU
		{25F482C7-150B-451A-AB12-125D6DD95ED6}.Release|Any CPU.Build.0 = Release|Any CPU
		{584580D5-915C-45BE-8063-50B2758C3CBB}.Debug|Any CPU.ActiveCfg = Debug|Any CPU
		{584580D5-915C-45BE-8063-50B2758C3CBB}.Debug|Any CPU.Build.0 = Debug|Any CPU
		{584580D5-915C-45BE-8063-50B2758C3CBB}.Release|Any CPU.ActiveCfg = Release|Any CPU
		{584580D5-915C-45BE-8063-50B2758C3CBB}.Release|Any CPU.Build.0 = Release|Any CPU
		{7248D877-D427-4F0C-984E-6E68E09118C0}.Debug|Any CPU.ActiveCfg = Debug|Any CPU
		{7248D877-D427-4F0C-984E-6E68E09118C0}.Debug|Any CPU.Build.0 = Debug|Any CPU
		{7248D877-D427-4F0C-984E-6E68E09118C0}.Release|Any CPU.ActiveCfg = Release|Any CPU
		{7248D877-D427-4F0C-984E-6E68E09118C0}.Release|Any CPU.Build.0 = Release|Any CPU
		{69810FB5-F4A9-4F89-83C1-0F3A75AFBAF5}.Debug|Any CPU.ActiveCfg = Debug|Any CPU
		{69810FB5-F4A9-4F89-83C1-0F3A75AFBAF5}.Debug|Any CPU.Build.0 = Debug|Any CPU
		{69810FB5-F4A9-4F89-83C1-0F3A75AFBAF5}.Release|Any CPU.ActiveCfg = Release|Any CPU
		{69810FB5-F4A9-4F89-83C1-0F3A75AFBAF5}.Release|Any CPU.Build.0 = Release|Any CPU
		{529BF53D-F0E9-45EA-AB31-4D751DE87D9E}.Debug|Any CPU.ActiveCfg = Debug|Any CPU
		{529BF53D-F0E9-45EA-AB31-4D751DE87D9E}.Debug|Any CPU.Build.0 = Debug|Any CPU
		{529BF53D-F0E9-45EA-AB31-4D751DE87D9E}.Release|Any CPU.ActiveCfg = Release|Any CPU
		{529BF53D-F0E9-45EA-AB31-4D751DE87D9E}.Release|Any CPU.Build.0 = Release|Any CPU
		{4E947DDB-E59D-47F2-AEBC-749514106B2A}.Debug|Any CPU.ActiveCfg = Debug|Any CPU
		{4E947DDB-E59D-47F2-AEBC-749514106B2A}.Debug|Any CPU.Build.0 = Debug|Any CPU
		{4E947DDB-E59D-47F2-AEBC-749514106B2A}.Release|Any CPU.ActiveCfg = Release|Any CPU
		{4E947DDB-E59D-47F2-AEBC-749514106B2A}.Release|Any CPU.Build.0 = Release|Any CPU
		{96C05487-779B-4F44-8C7F-41C527BE396D}.Debug|Any CPU.ActiveCfg = Debug|Any CPU
		{96C05487-779B-4F44-8C7F-41C527BE396D}.Debug|Any CPU.Build.0 = Debug|Any CPU
		{96C05487-779B-4F44-8C7F-41C527BE396D}.Release|Any CPU.ActiveCfg = Release|Any CPU
		{96C05487-779B-4F44-8C7F-41C527BE396D}.Release|Any CPU.Build.0 = Release|Any CPU
		{4A9D5479-ADBD-456E-B8BD-2B1519C439C6}.Debug|Any CPU.ActiveCfg = Debug|Any CPU
		{4A9D5479-ADBD-456E-B8BD-2B1519C439C6}.Debug|Any CPU.Build.0 = Debug|Any CPU
		{4A9D5479-ADBD-456E-B8BD-2B1519C439C6}.Release|Any CPU.ActiveCfg = Release|Any CPU
		{4A9D5479-ADBD-456E-B8BD-2B1519C439C6}.Release|Any CPU.Build.0 = Release|Any CPU
		{C09F428D-32E9-4CF0-B053-2EB0DC5527B2}.Debug|Any CPU.ActiveCfg = Debug|Any CPU
		{C09F428D-32E9-4CF0-B053-2EB0DC5527B2}.Debug|Any CPU.Build.0 = Debug|Any CPU
		{C09F428D-32E9-4CF0-B053-2EB0DC5527B2}.Release|Any CPU.ActiveCfg = Release|Any CPU
		{C09F428D-32E9-4CF0-B053-2EB0DC5527B2}.Release|Any CPU.Build.0 = Release|Any CPU
		{7CF683F0-A543-4161-9898-14C3BA2A8A4D}.Debug|Any CPU.ActiveCfg = Debug|Any CPU
		{7CF683F0-A543-4161-9898-14C3BA2A8A4D}.Debug|Any CPU.Build.0 = Debug|Any CPU
		{7CF683F0-A543-4161-9898-14C3BA2A8A4D}.Release|Any CPU.ActiveCfg = Release|Any CPU
		{7CF683F0-A543-4161-9898-14C3BA2A8A4D}.Release|Any CPU.Build.0 = Release|Any CPU
		{1E9AD95F-42E7-4876-9A26-C8C1A57E3D6D}.Debug|Any CPU.ActiveCfg = Debug|Any CPU
		{1E9AD95F-42E7-4876-9A26-C8C1A57E3D6D}.Debug|Any CPU.Build.0 = Debug|Any CPU
		{1E9AD95F-42E7-4876-9A26-C8C1A57E3D6D}.Release|Any CPU.ActiveCfg = Release|Any CPU
		{1E9AD95F-42E7-4876-9A26-C8C1A57E3D6D}.Release|Any CPU.Build.0 = Release|Any CPU
		{7CF8FB54-F90A-446B-94DD-EEEE8E006AF1}.Debug|Any CPU.ActiveCfg = Debug|Any CPU
		{7CF8FB54-F90A-446B-94DD-EEEE8E006AF1}.Debug|Any CPU.Build.0 = Debug|Any CPU
		{7CF8FB54-F90A-446B-94DD-EEEE8E006AF1}.Release|Any CPU.ActiveCfg = Release|Any CPU
		{7CF8FB54-F90A-446B-94DD-EEEE8E006AF1}.Release|Any CPU.Build.0 = Release|Any CPU
		{6071DD43-3845-4F32-9E44-0BC3AB26FE93}.Debug|Any CPU.ActiveCfg = Debug|Any CPU
		{6071DD43-3845-4F32-9E44-0BC3AB26FE93}.Debug|Any CPU.Build.0 = Debug|Any CPU
		{6071DD43-3845-4F32-9E44-0BC3AB26FE93}.Release|Any CPU.ActiveCfg = Release|Any CPU
		{6071DD43-3845-4F32-9E44-0BC3AB26FE93}.Release|Any CPU.Build.0 = Release|Any CPU
		{38745AC3-36F6-4058-BC38-7B2FDED70323}.Debug|Any CPU.ActiveCfg = Debug|Any CPU
		{38745AC3-36F6-4058-BC38-7B2FDED70323}.Debug|Any CPU.Build.0 = Debug|Any CPU
		{38745AC3-36F6-4058-BC38-7B2FDED70323}.Release|Any CPU.ActiveCfg = Release|Any CPU
		{38745AC3-36F6-4058-BC38-7B2FDED70323}.Release|Any CPU.Build.0 = Release|Any CPU
	EndGlobalSection
	GlobalSection(SolutionProperties) = preSolution
		HideSolutionNode = FALSE
	EndGlobalSection
	GlobalSection(NestedProjects) = preSolution
		{9A3EFEC0-3F77-4371-8240-2C182CDC5C3E} = {02EA681E-C7D8-13C7-8484-4AC65E1B71E8}
		{8858F501-3745-40B4-B14B-4999ACCA7362} = {9A3EFEC0-3F77-4371-8240-2C182CDC5C3E}
		{25F482C7-150B-451A-AB12-125D6DD95ED6} = {8858F501-3745-40B4-B14B-4999ACCA7362}
		{584580D5-915C-45BE-8063-50B2758C3CBB} = {8858F501-3745-40B4-B14B-4999ACCA7362}
		{7EA624F6-D137-43BF-9CBF-523D31799C7C} = {9A3EFEC0-3F77-4371-8240-2C182CDC5C3E}
		{2A67FA1F-DCF2-4ABA-8207-C4B253252811} = {7EA624F6-D137-43BF-9CBF-523D31799C7C}
		{7248D877-D427-4F0C-984E-6E68E09118C0} = {2A67FA1F-DCF2-4ABA-8207-C4B253252811}
		{497879C2-1601-4530-A81D-7DBE5C51967F} = {9A3EFEC0-3F77-4371-8240-2C182CDC5C3E}
		{69810FB5-F4A9-4F89-83C1-0F3A75AFBAF5} = {497879C2-1601-4530-A81D-7DBE5C51967F}
		{D0B7E14B-21A6-47F4-94F8-B7C46407B5AE} = {02EA681E-C7D8-13C7-8484-4AC65E1B71E8}
		{529BF53D-F0E9-45EA-AB31-4D751DE87D9E} = {D0B7E14B-21A6-47F4-94F8-B7C46407B5AE}
		{E4C06C01-2062-4C1A-B00E-8FDE57C31379} = {02EA681E-C7D8-13C7-8484-4AC65E1B71E8}
		{63E91A37-B40E-4340-893B-3639FCBED2F3} = {E4C06C01-2062-4C1A-B00E-8FDE57C31379}
		{40FDD24B-07AD-4B96-807C-0B6D7EDB22C9} = {E4C06C01-2062-4C1A-B00E-8FDE57C31379}
		{30301EF9-6A5D-4AA1-B528-A584F620D0A0} = {E4C06C01-2062-4C1A-B00E-8FDE57C31379}
		{2B8AE21D-0B4B-42DC-AEA2-99C74DBCE34B} = {40FDD24B-07AD-4B96-807C-0B6D7EDB22C9}
		{4E947DDB-E59D-47F2-AEBC-749514106B2A} = {63E91A37-B40E-4340-893B-3639FCBED2F3}
		{96C05487-779B-4F44-8C7F-41C527BE396D} = {63E91A37-B40E-4340-893B-3639FCBED2F3}
		{4A9D5479-ADBD-456E-B8BD-2B1519C439C6} = {2B8AE21D-0B4B-42DC-AEA2-99C74DBCE34B}
		{C09F428D-32E9-4CF0-B053-2EB0DC5527B2} = {30301EF9-6A5D-4AA1-B528-A584F620D0A0}
		{C6FF1C93-CC22-4D7F-A6FB-585984E69C08} = {02EA681E-C7D8-13C7-8484-4AC65E1B71E8}
		{9FBDE19D-B973-467D-944C-F6065CD7C103} = {C6FF1C93-CC22-4D7F-A6FB-585984E69C08}
		{433FC4CA-25AC-40DC-8394-6D3A348452E2} = {C6FF1C93-CC22-4D7F-A6FB-585984E69C08}
		{7CF683F0-A543-4161-9898-14C3BA2A8A4D} = {433FC4CA-25AC-40DC-8394-6D3A348452E2}
		{1E9AD95F-42E7-4876-9A26-C8C1A57E3D6D} = {9FBDE19D-B973-467D-944C-F6065CD7C103}
		{97DF4EC4-B05D-48A1-B907-CE7478F3DD30} = {02EA681E-C7D8-13C7-8484-4AC65E1B71E8}
		{7CF8FB54-F90A-446B-94DD-EEEE8E006AF1} = {97DF4EC4-B05D-48A1-B907-CE7478F3DD30}
		{2AA04658-E103-47E7-B143-71D9F35D1E50} = {02EA681E-C7D8-13C7-8484-4AC65E1B71E8}
		{6071DD43-3845-4F32-9E44-0BC3AB26FE93} = {2AA04658-E103-47E7-B143-71D9F35D1E50}
		{38745AC3-36F6-4058-BC38-7B2FDED70323} = {497879C2-1601-4530-A81D-7DBE5C51967F}
	EndGlobalSection
	GlobalSection(ExtensibilityGlobals) = postSolution
		SolutionGuid = {9C6DBA52-C66A-4171-8C36-1B2CCBC3E465}
	EndGlobalSection
EndGlobal
